
Microsoft Visual Studio Solution File, Format Version 12.00
# Visual Studio Version 16
VisualStudioVersion = 16.0.30804.86
MinimumVisualStudioVersion = 10.0.40219.1
Project("{8BC9CEB8-8B4A-11D0-8D11-00A0C91BC942}") = "CodeUp_Example", "Project1.vcxproj", "{CF3A8563-1FCD-4814-8065-EEC5323C1289}"
EndProject
Global
	GlobalSection(SolutionConfigurationPlatforms) = preSolution
		Debug|x64 = Debug|x64
		Debug|x86 = Debug|x86
		Release|x64 = Release|x64
		Release|x86 = Release|x86
	EndGlobalSection
	GlobalSection(ProjectConfigurationPlatforms) = postSolution
		{CF3A8563-1FCD-4814-8065-EEC5323C1289}.Debug|x64.ActiveCfg = Debug|x64
		{CF3A8563-1FCD-4814-8065-EEC5323C1289}.Debug|x64.Build.0 = Debug|x64
		{CF3A8563-1FCD-4814-8065-EEC5323C1289}.Debug|x86.ActiveCfg = Debug|Win32
		{CF3A8563-1FCD-4814-8065-EEC5323C1289}.Debug|x86.Build.0 = Debug|Win32
		{CF3A8563-1FCD-4814-8065-EEC5323C1289}.Release|x64.ActiveCfg = Release|x64
		{CF3A8563-1FCD-4814-8065-EEC5323C1289}.Release|x64.Build.0 = Release|x64
		{CF3A8563-1FCD-4814-8065-EEC5323C1289}.Release|x86.ActiveCfg = Release|Win32
		{CF3A8563-1FCD-4814-8065-EEC5323C1289}.Release|x86.Build.0 = Release|Win32
	EndGlobalSection
	GlobalSection(SolutionProperties) = preSolution
		HideSolutionNode = FALSE
	EndGlobalSection
	GlobalSection(ExtensibilityGlobals) = postSolution
		SolutionGuid = {3D0286A5-8D15-4268-889B-690A78C69DCE}
	EndGlobalSection
EndGlobal
