<?xml version="1.0" encoding="utf-8"?>
<Project ToolsVersion="4.0" xmlns="http://schemas.microsoft.com/developer/msbuild/2003">
  <ItemGroup>
    <Filter Include="소스 파일">
      <UniqueIdentifier>{4FC737F1-C7A5-4376-A066-2A32D752A2FF}</UniqueIdentifier>
      <Extensions>cpp;c;cc;cxx;c++;cppm;ixx;def;odl;idl;hpj;bat;asm;asmx</Extensions>
    </Filter>
    <Filter Include="헤더 파일">
      <UniqueIdentifier>{93995380-89BD-4b04-88EB-625FBE52EBFB}</UniqueIdentifier>
      <Extensions>h;hh;hpp;hxx;h++;hm;inl;inc;ipp;xsd</Extensions>
    </Filter>
    <Filter Include="리소스 파일">
      <UniqueIdentifier>{67DA6AB6-F800-4c08-8B7A-83BB121AAD01}</UniqueIdentifier>
      <Extensions>rc;ico;cur;bmp;dlg;rc2;rct;bin;rgs;gif;jpg;jpeg;jpe;resx;tiff;tif;png;wav;mfcribbon-ms</Extensions>
    </Filter>
  </ItemGroup>
  <ItemGroup>
    <ClCompile Include="출력하기_1번.c">
      <Filter>소스 파일</Filter>
    </ClCompile>
    <ClCompile Include="출력하기_2번.c">
      <Filter>소스 파일</Filter>
    </ClCompile>
    <ClCompile Include="출력하기_3번.c">
      <Filter>소스 파일</Filter>
    </ClCompile>
    <ClCompile Include="출력하기_4번.c">
      <Filter>소스 파일</Filter>
    </ClCompile>
    <ClCompile Include="출력하기_5번.c">
      <Filter>소스 파일</Filter>
    </ClCompile>
    <ClCompile Include="출력하기_6번.c">
      <Filter>소스 파일</Filter>
    </ClCompile>
    <ClCompile Include="출력하기_7번.c">
      <Filter>소스 파일</Filter>
    </ClCompile>
    <ClCompile Include="정수1개_입출력.c">
      <Filter>소스 파일</Filter>
    </ClCompile>
    <ClCompile Include="문자1개_입출력.c">
      <Filter>소스 파일</Filter>
    </ClCompile>
    <ClCompile Include="실수1개_입출력.c">
      <Filter>소스 파일</Filter>
    </ClCompile>
    <ClCompile Include="정수2개_입출력.c">
      <Filter>소스 파일</Filter>
    </ClCompile>
    <ClCompile Include="문자2개_입출력_순서변경.c">
      <Filter>소스 파일</Filter>
    </ClCompile>
    <ClCompile Include="실수둘째자리까지_입출력.c">
      <Filter>소스 파일</Filter>
    </ClCompile>
    <ClCompile Include="시간_입출력.c">
      <Filter>소스 파일</Filter>
    </ClCompile>
    <ClCompile Include="연월일_입출력.c">
      <Filter>소스 파일</Filter>
    </ClCompile>
    <ClCompile Include="주민번호_입력_형태바꿔_출력.c">
      <Filter>소스 파일</Filter>
    </ClCompile>
    <ClCompile Include="정수1개_입력_3번_출력.c">
      <Filter>소스 파일</Filter>
    </ClCompile>
    <ClCompile Include="단어1개_입출력.c">
      <Filter>소스 파일</Filter>
    </ClCompile>
    <ClCompile Include="문장1개_입출력.c">
      <Filter>소스 파일</Filter>
    </ClCompile>
    <ClCompile Include="실수1개_입력_부분출력.c">
      <Filter>소스 파일</Filter>
    </ClCompile>
    <ClCompile Include="단어1개_입력_나누어출력.c">
      <Filter>소스 파일</Filter>
    </ClCompile>
    <ClCompile Include="정수1개_입력_나누어출력.c">
      <Filter>소스 파일</Filter>
    </ClCompile>
    <ClCompile Include="시분초_입력_분_출력.c">
      <Filter>소스 파일</Filter>
    </ClCompile>
    <ClCompile Include="년월일_입력_형식바꿔_출력.c">
      <Filter>소스 파일</Filter>
    </ClCompile>
    <ClCompile Include="실수1개_입출력_2.c">
      <Filter>소스 파일</Filter>
    </ClCompile>
    <ClCompile Include="정수1개_입출력_2.c">
      <Filter>소스 파일</Filter>
    </ClCompile>
    <ClCompile Include="정수1개_입출력_3.c">
      <Filter>소스 파일</Filter>
    </ClCompile>
    <ClCompile Include="10정수_입력_8진수_출력.c">
      <Filter>소스 파일</Filter>
    </ClCompile>
    <ClCompile Include="10진정수_입력_16진수_출력.c">
      <Filter>소스 파일</Filter>
    </ClCompile>
    <ClCompile Include="10진정수_입력_16진수_출력_2.c">
      <Filter>소스 파일</Filter>
    </ClCompile>
    <ClCompile Include="8진_입력_10진_출력.c">
      <Filter>소스 파일</Filter>
    </ClCompile>
    <ClCompile Include="16진_입력_8진_출력.c">
      <Filter>소스 파일</Filter>
    </ClCompile>
    <ClCompile Include="영문1개_입력_10진_출력.c">
      <Filter>소스 파일</Filter>
    </ClCompile>
    <ClCompile Include="정수_입력_아스키_출력.c">
      <Filter>소스 파일</Filter>
    </ClCompile>
    <ClCompile Include="정수2개_입력_합_출력.c">
      <Filter>소스 파일</Filter>
    </ClCompile>
    <ClCompile Include="정수2개_입력_합_출력_2.c">
      <Filter>소스 파일</Filter>
    </ClCompile>
    <ClCompile Include="정수1개_입력_부호바꿔_출력.c">
      <Filter>소스 파일</Filter>
    </ClCompile>
    <ClCompile Include="문자1개_입력_다음문자_출력.c">
      <Filter>소스 파일</Filter>
    </ClCompile>
    <ClCompile Include="정수2개_입력_나눈몫_출력.c">
      <Filter>소스 파일</Filter>
    </ClCompile>
    <ClCompile Include="정수2개_입력_나눈나머지_출력.c">
      <Filter>소스 파일</Filter>
    </ClCompile>
    <ClCompile Include="정수1개_입력_1더해_출력.c">
      <Filter>소스 파일</Filter>
    </ClCompile>
    <ClCompile Include="정수2개_입력_자동계산.c">
      <Filter>소스 파일</Filter>
    </ClCompile>
    <ClCompile Include="정수3개_입력_합과평균_출력.c">
      <Filter>소스 파일</Filter>
    </ClCompile>
    <ClCompile Include="정수1개_입력_2배_출력.c">
      <Filter>소스 파일</Filter>
    </ClCompile>
    <ClCompile Include="한번에_2의거듭제곱_출력.c">
      <Filter>소스 파일</Filter>
    </ClCompile>
    <ClCompile Include="두_정수_입력_비교_1.c">
      <Filter>소스 파일</Filter>
    </ClCompile>
    <ClCompile Include="두_정수_입력_비교_2.c">
      <Filter>소스 파일</Filter>
    </ClCompile>
    <ClCompile Include="두_정수_입력_비교_3.c">
      <Filter>소스 파일</Filter>
    </ClCompile>
    <ClCompile Include="두_정수_입력_비교_4.c">
      <Filter>소스 파일</Filter>
    </ClCompile>
    <ClCompile Include="참거짓_바꾸기.c">
      <Filter>소스 파일</Filter>
    </ClCompile>
    <ClCompile Include="둘다_참일_경우만_참_출력.c">
      <Filter>소스 파일</Filter>
    </ClCompile>
    <ClCompile Include="하나라도_참이면_참_출력.c">
      <Filter>소스 파일</Filter>
    </ClCompile>
    <ClCompile Include="참거짓_서로다를때_참_출력.c">
      <Filter>소스 파일</Filter>
    </ClCompile>
    <ClCompile Include="참거짓_서로같을때만_참_출력.c">
      <Filter>소스 파일</Filter>
    </ClCompile>
    <ClCompile Include="둘다_거짓_참_출력.c">
      <Filter>소스 파일</Filter>
    </ClCompile>
    <ClCompile Include="비트단위로_NOT하여_출력.c">
      <Filter>소스 파일</Filter>
    </ClCompile>
    <ClCompile Include="비트단위_AND_출력.c">
      <Filter>소스 파일</Filter>
    </ClCompile>
    <ClCompile Include="비트단위_OR_출력.c">
      <Filter>소스 파일</Filter>
    </ClCompile>
    <ClCompile Include="비트단위_XOR_출력.c">
      <Filter>소스 파일</Filter>
    </ClCompile>
    <ClCompile Include="두정수_입력_큰수_출력.c">
      <Filter>소스 파일</Filter>
    </ClCompile>
    <ClCompile Include="정수3개_입력_가장작은수_출력.c">
      <Filter>소스 파일</Filter>
    </ClCompile>
    <ClCompile Include="정수3개_입력_짝수만_출력.c">
      <Filter>소스 파일</Filter>
    </ClCompile>
    <ClCompile Include="정수3개_입력_짝홀_출력.c">
      <Filter>소스 파일</Filter>
    </ClCompile>
    <ClCompile Include="정수1개_입력_분석.c">
      <Filter>소스 파일</Filter>
    </ClCompile>
    <ClCompile Include="정수1개_입력_평가_출력.c">
      <Filter>소스 파일</Filter>
    </ClCompile>
    <ClCompile Include="평가_입력_다르게_출력.c">
      <Filter>소스 파일</Filter>
    </ClCompile>
    <ClCompile Include="월_입력_계절_출력.c">
      <Filter>소스 파일</Filter>
    </ClCompile>
    <ClCompile Include="0입력될때까지_무한출력.c">
      <Filter>소스 파일</Filter>
    </ClCompile>
    <ClCompile Include="정수_입력_계속_출력.c">
      <Filter>소스 파일</Filter>
    </ClCompile>
    <ClCompile Include="0입력까지_무한출력_2.c">
      <Filter>소스 파일</Filter>
    </ClCompile>
    <ClCompile Include="정수1개_입력_카운트다운_출력.c">
      <Filter>소스 파일</Filter>
    </ClCompile>
    <ClCompile Include="정수1개_입력_카운트다운_출력_2.c">
      <Filter>소스 파일</Filter>
    </ClCompile>
    <ClCompile Include="문자1개_입력_알파벳_출력.c">
      <Filter>소스 파일</Filter>
    </ClCompile>
    <ClCompile Include="정수1걔_입력_입력된정수까지_출력.c">
      <Filter>소스 파일</Filter>
    </ClCompile>
    <ClCompile Include="짝수_합_구하기.c">
      <Filter>소스 파일</Filter>
    </ClCompile>
    <ClCompile Include="원하는문자_입력될때까지_반복_출력.c">
      <Filter>소스 파일</Filter>
    </ClCompile>
    <ClCompile Include="특정값까지_계속더하기.c">
      <Filter>소스 파일</Filter>
    </ClCompile>
    <ClCompile Include="주사위_2개_던지면.c">
      <Filter>소스 파일</Filter>
    </ClCompile>
    <ClCompile Include="16진수_구구단.c">
      <Filter>소스 파일</Filter>
    </ClCompile>
    <ClCompile Include="369게임의_왕이되자.c">
      <Filter>소스 파일</Filter>
    </ClCompile>
    <ClCompile Include="빛_섞어_색_만들기.c">
      <Filter>소스 파일</Filter>
    </ClCompile>
    <ClCompile Include="소리파일_저장용량_계산하기.c">
      <Filter>소스 파일</Filter>
    </ClCompile>
    <ClCompile Include="그림파일_저장용량_계산.c">
      <Filter>소스 파일</Filter>
    </ClCompile>
    <ClCompile Include="여기까지_이제그만.c">
      <Filter>소스 파일</Filter>
    </ClCompile>
    <ClCompile Include="3의_배수는_패스.c">
      <Filter>소스 파일</Filter>
    </ClCompile>
    <ClCompile Include="수_나열하기_1.c">
      <Filter>소스 파일</Filter>
    </ClCompile>
    <ClCompile Include="수_나열하기_2.c">
      <Filter>소스 파일</Filter>
    </ClCompile>
    <ClCompile Include="수_나열하기_3.c">
      <Filter>소스 파일</Filter>
    </ClCompile>
    <ClCompile Include="함께_문제_푸는_날.c">
      <Filter>소스 파일</Filter>
    </ClCompile>
    <ClCompile Include="이상한_출석번호_부르기_1.c">
      <Filter>소스 파일</Filter>
    </ClCompile>
    <ClCompile Include="이상한_출석_번호_부르기_2.c">
      <Filter>소스 파일</Filter>
    </ClCompile>
    <ClCompile Include="이상한_출석_번호_부르기_3.c">
      <Filter>소스 파일</Filter>
    </ClCompile>
    <ClCompile Include="바둑판에_흰_돌_놓기.c">
      <Filter>소스 파일</Filter>
    </ClCompile>
    <ClCompile Include="바둑알_십자_뒤집기.c">
      <Filter>소스 파일</Filter>
    </ClCompile>
    <ClCompile Include="설탕과자_뽑기.c">
      <Filter>소스 파일</Filter>
    </ClCompile>
    <ClCompile Include="성실한_개미.c">
      <Filter>소스 파일</Filter>
    </ClCompile>
    <ClCompile Include="1805_입체기동장치_생산공장.c">
      <Filter>소스 파일</Filter>
    </ClCompile>
  </ItemGroup>
</Project>